
Microsoft Visual Studio Solution File, Format Version 12.00
# Visual Studio 15
VisualStudioVersion = 15.0.27428.2037
MinimumVisualStudioVersion = 10.0.40219.1
Project("{FAE04EC0-301F-11D3-BF4B-00C04F79EFBC}") = "_DataAccessLayer", "_DataAccessLayer\_DataAccessLayer.csproj", "{60A77E94-2C71-41E5-B6B1-F0AB6712F591}"
EndProject
Project("{FAE04EC0-301F-11D3-BF4B-00C04F79EFBC}") = "BusinessLayer", "BusinessLayer\BusinessLayer.csproj", "{7D49EA2B-B77D-419C-BB12-6F04306C77F9}"
EndProject
Project("{FAE04EC0-301F-11D3-BF4B-00C04F79EFBC}") = "MVC", "MVC\MVC.csproj", "{9238AD8C-FBA9-4571-AE15-F1CC995FD715}"
EndProject
Project("{FAE04EC0-301F-11D3-BF4B-00C04F79EFBC}") = "DI", "DI\DI.csproj", "{065E1A7C-B8B1-45D9-A5BA-61430FA8C178}"
EndProject
Project("{FAE04EC0-301F-11D3-BF4B-00C04F79EFBC}") = "Contracts", "Contracts\Contracts.csproj", "{D036208E-F47B-4F75-95D2-8D41D70E0904}"
EndProject
Project("{FAE04EC0-301F-11D3-BF4B-00C04F79EFBC}") = "DatabaseEntities", "DatabaseEntities\DatabaseEntities.csproj", "{20865D2E-1A00-466C-968C-11448AD32D0D}"
EndProject
Project("{FAE04EC0-301F-11D3-BF4B-00C04F79EFBC}") = "DTOs", "DTOs\DTOs.csproj", "{BE7D0BAF-6264-4A36-A087-239990090E23}"
EndProject
Project("{2150E333-8FDC-42A3-9474-1A3956D46DE8}") = "1. DAL", "1. DAL", "{F2D0EC43-34EC-4249-8BED-87B9FF3D41D0}"
EndProject
Project("{2150E333-8FDC-42A3-9474-1A3956D46DE8}") = "2. BusinessLogic", "2. BusinessLogic", "{7B2DC530-6333-4A31-AF7C-305E817E33A8}"
EndProject
Project("{2150E333-8FDC-42A3-9474-1A3956D46DE8}") = "_Common", "_Common", "{0584FC96-3FFC-45EB-9FD6-1E2EC08858D0}"
EndProject
Project("{2150E333-8FDC-42A3-9474-1A3956D46DE8}") = "3. Applications", "3. Applications", "{A1DB6A84-F9C1-4421-8BF7-E31ABF4B885E}"
EndProject
Project("{2150E333-8FDC-42A3-9474-1A3956D46DE8}") = "4. Tests", "4. Tests", "{5C4FE050-8261-4178-A12D-98D90102B64E}"
EndProject
Project("{FAE04EC0-301F-11D3-BF4B-00C04F79EFBC}") = "BusinessLayerTests", "BusinessLayerTests\BusinessLayerTests.csproj", "{4518AA18-2E28-44D4-9464-0B6090825C0B}"
EndProject
Global
	GlobalSection(SolutionConfigurationPlatforms) = preSolution
		Debug|Any CPU = Debug|Any CPU
		Release|Any CPU = Release|Any CPU
	EndGlobalSection
	GlobalSection(ProjectConfigurationPlatforms) = postSolution
		{60A77E94-2C71-41E5-B6B1-F0AB6712F591}.Debug|Any CPU.ActiveCfg = Debug|Any CPU
		{60A77E94-2C71-41E5-B6B1-F0AB6712F591}.Debug|Any CPU.Build.0 = Debug|Any CPU
		{60A77E94-2C71-41E5-B6B1-F0AB6712F591}.Release|Any CPU.ActiveCfg = Release|Any CPU
		{60A77E94-2C71-41E5-B6B1-F0AB6712F591}.Release|Any CPU.Build.0 = Release|Any CPU
		{7D49EA2B-B77D-419C-BB12-6F04306C77F9}.Debug|Any CPU.ActiveCfg = Debug|Any CPU
		{7D49EA2B-B77D-419C-BB12-6F04306C77F9}.Debug|Any CPU.Build.0 = Debug|Any CPU
		{7D49EA2B-B77D-419C-BB12-6F04306C77F9}.Release|Any CPU.ActiveCfg = Release|Any CPU
		{7D49EA2B-B77D-419C-BB12-6F04306C77F9}.Release|Any CPU.Build.0 = Release|Any CPU
		{9238AD8C-FBA9-4571-AE15-F1CC995FD715}.Debug|Any CPU.ActiveCfg = Debug|Any CPU
		{9238AD8C-FBA9-4571-AE15-F1CC995FD715}.Debug|Any CPU.Build.0 = Debug|Any CPU
		{9238AD8C-FBA9-4571-AE15-F1CC995FD715}.Release|Any CPU.ActiveCfg = Release|Any CPU
		{9238AD8C-FBA9-4571-AE15-F1CC995FD715}.Release|Any CPU.Build.0 = Release|Any CPU
		{065E1A7C-B8B1-45D9-A5BA-61430FA8C178}.Debug|Any CPU.ActiveCfg = Debug|Any CPU
		{065E1A7C-B8B1-45D9-A5BA-61430FA8C178}.Debug|Any CPU.Build.0 = Debug|Any CPU
		{065E1A7C-B8B1-45D9-A5BA-61430FA8C178}.Release|Any CPU.ActiveCfg = Release|Any CPU
		{065E1A7C-B8B1-45D9-A5BA-61430FA8C178}.Release|Any CPU.Build.0 = Release|Any CPU
		{D036208E-F47B-4F75-95D2-8D41D70E0904}.Debug|Any CPU.ActiveCfg = Debug|Any CPU
		{D036208E-F47B-4F75-95D2-8D41D70E0904}.Debug|Any CPU.Build.0 = Debug|Any CPU
		{D036208E-F47B-4F75-95D2-8D41D70E0904}.Release|Any CPU.ActiveCfg = Release|Any CPU
		{D036208E-F47B-4F75-95D2-8D41D70E0904}.Release|Any CPU.Build.0 = Release|Any CPU
		{20865D2E-1A00-466C-968C-11448AD32D0D}.Debug|Any CPU.ActiveCfg = Debug|Any CPU
		{20865D2E-1A00-466C-968C-11448AD32D0D}.Debug|Any CPU.Build.0 = Debug|Any CPU
		{20865D2E-1A00-466C-968C-11448AD32D0D}.Release|Any CPU.ActiveCfg = Release|Any CPU
		{20865D2E-1A00-466C-968C-11448AD32D0D}.Release|Any CPU.Build.0 = Release|Any CPU
		{BE7D0BAF-6264-4A36-A087-239990090E23}.Debug|Any CPU.ActiveCfg = Debug|Any CPU
		{BE7D0BAF-6264-4A36-A087-239990090E23}.Debug|Any CPU.Build.0 = Debug|Any CPU
		{BE7D0BAF-6264-4A36-A087-239990090E23}.Release|Any CPU.ActiveCfg = Release|Any CPU
		{BE7D0BAF-6264-4A36-A087-239990090E23}.Release|Any CPU.Build.0 = Release|Any CPU
		{4518AA18-2E28-44D4-9464-0B6090825C0B}.Debug|Any CPU.ActiveCfg = Debug|Any CPU
		{4518AA18-2E28-44D4-9464-0B6090825C0B}.Debug|Any CPU.Build.0 = Debug|Any CPU
		{4518AA18-2E28-44D4-9464-0B6090825C0B}.Release|Any CPU.ActiveCfg = Release|Any CPU
		{4518AA18-2E28-44D4-9464-0B6090825C0B}.Release|Any CPU.Build.0 = Release|Any CPU
	EndGlobalSection
	GlobalSection(SolutionProperties) = preSolution
		HideSolutionNode = FALSE
	EndGlobalSection
	GlobalSection(NestedProjects) = preSolution
		{60A77E94-2C71-41E5-B6B1-F0AB6712F591} = {F2D0EC43-34EC-4249-8BED-87B9FF3D41D0}
		{7D49EA2B-B77D-419C-BB12-6F04306C77F9} = {7B2DC530-6333-4A31-AF7C-305E817E33A8}
		{9238AD8C-FBA9-4571-AE15-F1CC995FD715} = {A1DB6A84-F9C1-4421-8BF7-E31ABF4B885E}
		{065E1A7C-B8B1-45D9-A5BA-61430FA8C178} = {0584FC96-3FFC-45EB-9FD6-1E2EC08858D0}
		{D036208E-F47B-4F75-95D2-8D41D70E0904} = {0584FC96-3FFC-45EB-9FD6-1E2EC08858D0}
		{20865D2E-1A00-466C-968C-11448AD32D0D} = {F2D0EC43-34EC-4249-8BED-87B9FF3D41D0}
		{BE7D0BAF-6264-4A36-A087-239990090E23} = {7B2DC530-6333-4A31-AF7C-305E817E33A8}
		{4518AA18-2E28-44D4-9464-0B6090825C0B} = {5C4FE050-8261-4178-A12D-98D90102B64E}
	EndGlobalSection
	GlobalSection(ExtensibilityGlobals) = postSolution
		SolutionGuid = {91B1491E-A2B8-49D7-AECF-B25CA270322E}
	EndGlobalSection
EndGlobal
