
Microsoft Visual Studio Solution File, Format Version 12.00
# Visual Studio 15
VisualStudioVersion = 15.0.27428.2037
MinimumVisualStudioVersion = 10.0.40219.1
Project("{FAE04EC0-301F-11D3-BF4B-00C04F79EFBC}") = "_DataAccessLayer", "_DataAccessLayer\_DataAccessLayer.csproj", "{60A77E94-2C71-41E5-B6B1-F0AB6712F591}"
EndProject
Project("{FAE04EC0-301F-11D3-BF4B-00C04F79EFBC}") = "BusinessLayer", "BusinessLayer\BusinessLayer.csproj", "{7D49EA2B-B77D-419C-BB12-6F04306C77F9}"
EndProject
Project("{FAE04EC0-301F-11D3-BF4B-00C04F79EFBC}") = "MVC", "MVC\MVC.csproj", "{9238AD8C-FBA9-4571-AE15-F1CC995FD715}"
EndProject
Global
	GlobalSection(SolutionConfigurationPlatforms) = preSolution
		Debug|Any CPU = Debug|Any CPU
		Release|Any CPU = Release|Any CPU
	EndGlobalSection
	GlobalSection(ProjectConfigurationPlatforms) = postSolution
		{60A77E94-2C71-41E5-B6B1-F0AB6712F591}.Debug|Any CPU.ActiveCfg = Debug|Any CPU
		{60A77E94-2C71-41E5-B6B1-F0AB6712F591}.Debug|Any CPU.Build.0 = Debug|Any CPU
		{60A77E94-2C71-41E5-B6B1-F0AB6712F591}.Release|Any CPU.ActiveCfg = Release|Any CPU
		{60A77E94-2C71-41E5-B6B1-F0AB6712F591}.Release|Any CPU.Build.0 = Release|Any CPU
		{7D49EA2B-B77D-419C-BB12-6F04306C77F9}.Debug|Any CPU.ActiveCfg = Debug|Any CPU
		{7D49EA2B-B77D-419C-BB12-6F04306C77F9}.Debug|Any CPU.Build.0 = Debug|Any CPU
		{7D49EA2B-B77D-419C-BB12-6F04306C77F9}.Release|Any CPU.ActiveCfg = Release|Any CPU
		{7D49EA2B-B77D-419C-BB12-6F04306C77F9}.Release|Any CPU.Build.0 = Release|Any CPU
		{9238AD8C-FBA9-4571-AE15-F1CC995FD715}.Debug|Any CPU.ActiveCfg = Debug|Any CPU
		{9238AD8C-FBA9-4571-AE15-F1CC995FD715}.Debug|Any CPU.Build.0 = Debug|Any CPU
		{9238AD8C-FBA9-4571-AE15-F1CC995FD715}.Release|Any CPU.ActiveCfg = Release|Any CPU
		{9238AD8C-FBA9-4571-AE15-F1CC995FD715}.Release|Any CPU.Build.0 = Release|Any CPU
	EndGlobalSection
	GlobalSection(SolutionProperties) = preSolution
		HideSolutionNode = FALSE
	EndGlobalSection
	GlobalSection(ExtensibilityGlobals) = postSolution
		SolutionGuid = {91B1491E-A2B8-49D7-AECF-B25CA270322E}
	EndGlobalSection
EndGlobal
